
Microsoft Visual Studio Solution File, Format Version 12.00
Project("{F2A71F9B-5D33-465A-A702-920D77279786}") = "Flow.Launcher.Plugin.Rider", "Flow.Launcher.Plugin.Rider\Flow.Launcher.Plugin.Rider.fsproj", "{E3D055F2-1B4D-49D8-916E-B4FC15D21F31}"
EndProject
Global
	GlobalSection(SolutionConfigurationPlatforms) = preSolution
		Debug|Any CPU = Debug|Any CPU
		Release|Any CPU = Release|Any CPU
	EndGlobalSection
	GlobalSection(ProjectConfigurationPlatforms) = postSolution
		{E3D055F2-1B4D-49D8-916E-B4FC15D21F31}.Debug|Any CPU.ActiveCfg = Debug|Any CPU
		{E3D055F2-1B4D-49D8-916E-B4FC15D21F31}.Debug|Any CPU.Build.0 = Debug|Any CPU
		{E3D055F2-1B4D-49D8-916E-B4FC15D21F31}.Release|Any CPU.ActiveCfg = Release|Any CPU
		{E3D055F2-1B4D-49D8-916E-B4FC15D21F31}.Release|Any CPU.Build.0 = Release|Any CPU
	EndGlobalSection
EndGlobal
